
Microsoft Visual Studio Solution File, Format Version 12.00
# Visual Studio Version 16
VisualStudioVersion = 16.0.29519.87
MinimumVisualStudioVersion = 10.0.40219.1
Project("{FAE04EC0-301F-11D3-BF4B-00C04F79EFBC}") = "n_1316", "n_1316\n_1316.csproj", "{87E977EC-9E56-485B-8D71-022C19CD8B0A}"
EndProject
Global
	GlobalSection(SolutionConfigurationPlatforms) = preSolution
		Debug|Any CPU = Debug|Any CPU
		Release|Any CPU = Release|Any CPU
	EndGlobalSection
	GlobalSection(ProjectConfigurationPlatforms) = postSolution
		{87E977EC-9E56-485B-8D71-022C19CD8B0A}.Debug|Any CPU.ActiveCfg = Debug|Any CPU
		{87E977EC-9E56-485B-8D71-022C19CD8B0A}.Debug|Any CPU.Build.0 = Debug|Any CPU
		{87E977EC-9E56-485B-8D71-022C19CD8B0A}.Release|Any CPU.ActiveCfg = Release|Any CPU
		{87E977EC-9E56-485B-8D71-022C19CD8B0A}.Release|Any CPU.Build.0 = Release|Any CPU
	EndGlobalSection
	GlobalSection(SolutionProperties) = preSolution
		HideSolutionNode = FALSE
	EndGlobalSection
	GlobalSection(ExtensibilityGlobals) = postSolution
		SolutionGuid = {2254A0FE-121A-4D9B-8AFF-D575313A8E07}
	EndGlobalSection
EndGlobal
