
Microsoft Visual Studio Solution File, Format Version 12.00
# Visual Studio Version 16
VisualStudioVersion = 16.0.29519.87
MinimumVisualStudioVersion = 10.0.40219.1
Project("{FAE04EC0-301F-11D3-BF4B-00C04F79EFBC}") = "n_1065", "n_1065\n_1065.csproj", "{261EB1D6-B354-48C0-9FB4-799BA081962C}"
EndProject
Global
	GlobalSection(SolutionConfigurationPlatforms) = preSolution
		Debug|Any CPU = Debug|Any CPU
		Release|Any CPU = Release|Any CPU
	EndGlobalSection
	GlobalSection(ProjectConfigurationPlatforms) = postSolution
		{261EB1D6-B354-48C0-9FB4-799BA081962C}.Debug|Any CPU.ActiveCfg = Debug|Any CPU
		{261EB1D6-B354-48C0-9FB4-799BA081962C}.Debug|Any CPU.Build.0 = Debug|Any CPU
		{261EB1D6-B354-48C0-9FB4-799BA081962C}.Release|Any CPU.ActiveCfg = Release|Any CPU
		{261EB1D6-B354-48C0-9FB4-799BA081962C}.Release|Any CPU.Build.0 = Release|Any CPU
	EndGlobalSection
	GlobalSection(SolutionProperties) = preSolution
		HideSolutionNode = FALSE
	EndGlobalSection
	GlobalSection(ExtensibilityGlobals) = postSolution
		SolutionGuid = {CCD661D9-CE66-4B0E-9106-CCC3CA8E5D40}
	EndGlobalSection
EndGlobal
