
Microsoft Visual Studio Solution File, Format Version 12.00
# Visual Studio Version 16
VisualStudioVersion = 16.0.29519.87
MinimumVisualStudioVersion = 10.0.40219.1
Project("{FAE04EC0-301F-11D3-BF4B-00C04F79EFBC}") = "n_8393", "n_8393\n_8393.csproj", "{C817CDA4-B58C-4F73-ABA6-5AD73E922703}"
EndProject
Global
	GlobalSection(SolutionConfigurationPlatforms) = preSolution
		Debug|Any CPU = Debug|Any CPU
		Release|Any CPU = Release|Any CPU
	EndGlobalSection
	GlobalSection(ProjectConfigurationPlatforms) = postSolution
		{C817CDA4-B58C-4F73-ABA6-5AD73E922703}.Debug|Any CPU.ActiveCfg = Debug|Any CPU
		{C817CDA4-B58C-4F73-ABA6-5AD73E922703}.Debug|Any CPU.Build.0 = Debug|Any CPU
		{C817CDA4-B58C-4F73-ABA6-5AD73E922703}.Release|Any CPU.ActiveCfg = Release|Any CPU
		{C817CDA4-B58C-4F73-ABA6-5AD73E922703}.Release|Any CPU.Build.0 = Release|Any CPU
	EndGlobalSection
	GlobalSection(SolutionProperties) = preSolution
		HideSolutionNode = FALSE
	EndGlobalSection
	GlobalSection(ExtensibilityGlobals) = postSolution
		SolutionGuid = {CE815B3F-63C8-4B13-8619-CEBEFDD5B207}
	EndGlobalSection
EndGlobal
