
Microsoft Visual Studio Solution File, Format Version 12.00
# Visual Studio Version 16
VisualStudioVersion = 16.0.29519.87
MinimumVisualStudioVersion = 10.0.40219.1
Project("{FAE04EC0-301F-11D3-BF4B-00C04F79EFBC}") = "n_1001", "n_1001\n_1001.csproj", "{8C8D492F-3D2B-4835-9A87-7D56B7333AF1}"
EndProject
Global
	GlobalSection(SolutionConfigurationPlatforms) = preSolution
		Debug|Any CPU = Debug|Any CPU
		Release|Any CPU = Release|Any CPU
	EndGlobalSection
	GlobalSection(ProjectConfigurationPlatforms) = postSolution
		{8C8D492F-3D2B-4835-9A87-7D56B7333AF1}.Debug|Any CPU.ActiveCfg = Debug|Any CPU
		{8C8D492F-3D2B-4835-9A87-7D56B7333AF1}.Debug|Any CPU.Build.0 = Debug|Any CPU
		{8C8D492F-3D2B-4835-9A87-7D56B7333AF1}.Release|Any CPU.ActiveCfg = Release|Any CPU
		{8C8D492F-3D2B-4835-9A87-7D56B7333AF1}.Release|Any CPU.Build.0 = Release|Any CPU
	EndGlobalSection
	GlobalSection(SolutionProperties) = preSolution
		HideSolutionNode = FALSE
	EndGlobalSection
	GlobalSection(ExtensibilityGlobals) = postSolution
		SolutionGuid = {F37330DC-83E7-439A-9D59-416FE5BAC84A}
	EndGlobalSection
EndGlobal
