
Microsoft Visual Studio Solution File, Format Version 12.00
# Visual Studio Version 16
VisualStudioVersion = 16.0.29519.87
MinimumVisualStudioVersion = 10.0.40219.1
Project("{FAE04EC0-301F-11D3-BF4B-00C04F79EFBC}") = "n_10952", "n_10952\n_10952.csproj", "{B91583FD-8E45-4DE6-A875-77BAF9D5A894}"
EndProject
Global
	GlobalSection(SolutionConfigurationPlatforms) = preSolution
		Debug|Any CPU = Debug|Any CPU
		Release|Any CPU = Release|Any CPU
	EndGlobalSection
	GlobalSection(ProjectConfigurationPlatforms) = postSolution
		{B91583FD-8E45-4DE6-A875-77BAF9D5A894}.Debug|Any CPU.ActiveCfg = Debug|Any CPU
		{B91583FD-8E45-4DE6-A875-77BAF9D5A894}.Debug|Any CPU.Build.0 = Debug|Any CPU
		{B91583FD-8E45-4DE6-A875-77BAF9D5A894}.Release|Any CPU.ActiveCfg = Release|Any CPU
		{B91583FD-8E45-4DE6-A875-77BAF9D5A894}.Release|Any CPU.Build.0 = Release|Any CPU
	EndGlobalSection
	GlobalSection(SolutionProperties) = preSolution
		HideSolutionNode = FALSE
	EndGlobalSection
	GlobalSection(ExtensibilityGlobals) = postSolution
		SolutionGuid = {54C0A013-6089-40A2-B2FA-E85F2040398E}
	EndGlobalSection
EndGlobal
