
Microsoft Visual Studio Solution File, Format Version 12.00
# Visual Studio Version 16
VisualStudioVersion = 16.0.30002.166
MinimumVisualStudioVersion = 10.0.40219.1
Project("{8BC9CEB8-8B4A-11D0-8D11-00A0C91BC942}") = "n_1676", "n_1676\n_1676.vcxproj", "{971A488C-79BD-4425-98D0-8773793A5884}"
EndProject
Project("{8BC9CEB8-8B4A-11D0-8D11-00A0C91BC942}") = "n_9663", "n_9663\n_9663.vcxproj", "{DA7D8A8D-2B0C-4AA2-B743-708AC07BFBE6}"
EndProject
Global
	GlobalSection(SolutionConfigurationPlatforms) = preSolution
		Debug|x64 = Debug|x64
		Debug|x86 = Debug|x86
		Release|x64 = Release|x64
		Release|x86 = Release|x86
	EndGlobalSection
	GlobalSection(ProjectConfigurationPlatforms) = postSolution
		{971A488C-79BD-4425-98D0-8773793A5884}.Debug|x64.ActiveCfg = Debug|x64
		{971A488C-79BD-4425-98D0-8773793A5884}.Debug|x64.Build.0 = Debug|x64
		{971A488C-79BD-4425-98D0-8773793A5884}.Debug|x86.ActiveCfg = Debug|Win32
		{971A488C-79BD-4425-98D0-8773793A5884}.Debug|x86.Build.0 = Debug|Win32
		{971A488C-79BD-4425-98D0-8773793A5884}.Release|x64.ActiveCfg = Release|x64
		{971A488C-79BD-4425-98D0-8773793A5884}.Release|x64.Build.0 = Release|x64
		{971A488C-79BD-4425-98D0-8773793A5884}.Release|x86.ActiveCfg = Release|Win32
		{971A488C-79BD-4425-98D0-8773793A5884}.Release|x86.Build.0 = Release|Win32
		{DA7D8A8D-2B0C-4AA2-B743-708AC07BFBE6}.Debug|x64.ActiveCfg = Debug|x64
		{DA7D8A8D-2B0C-4AA2-B743-708AC07BFBE6}.Debug|x64.Build.0 = Debug|x64
		{DA7D8A8D-2B0C-4AA2-B743-708AC07BFBE6}.Debug|x86.ActiveCfg = Debug|Win32
		{DA7D8A8D-2B0C-4AA2-B743-708AC07BFBE6}.Debug|x86.Build.0 = Debug|Win32
		{DA7D8A8D-2B0C-4AA2-B743-708AC07BFBE6}.Release|x64.ActiveCfg = Release|x64
		{DA7D8A8D-2B0C-4AA2-B743-708AC07BFBE6}.Release|x64.Build.0 = Release|x64
		{DA7D8A8D-2B0C-4AA2-B743-708AC07BFBE6}.Release|x86.ActiveCfg = Release|Win32
		{DA7D8A8D-2B0C-4AA2-B743-708AC07BFBE6}.Release|x86.Build.0 = Release|Win32
	EndGlobalSection
	GlobalSection(SolutionProperties) = preSolution
		HideSolutionNode = FALSE
	EndGlobalSection
	GlobalSection(ExtensibilityGlobals) = postSolution
		SolutionGuid = {48636576-C63F-4AC9-A335-FD0CBE982630}
	EndGlobalSection
EndGlobal
