
Microsoft Visual Studio Solution File, Format Version 12.00
# Visual Studio Version 16
VisualStudioVersion = 16.0.29519.87
MinimumVisualStudioVersion = 10.0.40219.1
Project("{FAE04EC0-301F-11D3-BF4B-00C04F79EFBC}") = "n_10809", "n_10809\n_10809.csproj", "{46E049D2-EDBF-40C8-8669-A6D26EC50DF5}"
EndProject
Global
	GlobalSection(SolutionConfigurationPlatforms) = preSolution
		Debug|Any CPU = Debug|Any CPU
		Release|Any CPU = Release|Any CPU
	EndGlobalSection
	GlobalSection(ProjectConfigurationPlatforms) = postSolution
		{46E049D2-EDBF-40C8-8669-A6D26EC50DF5}.Debug|Any CPU.ActiveCfg = Debug|Any CPU
		{46E049D2-EDBF-40C8-8669-A6D26EC50DF5}.Debug|Any CPU.Build.0 = Debug|Any CPU
		{46E049D2-EDBF-40C8-8669-A6D26EC50DF5}.Release|Any CPU.ActiveCfg = Release|Any CPU
		{46E049D2-EDBF-40C8-8669-A6D26EC50DF5}.Release|Any CPU.Build.0 = Release|Any CPU
	EndGlobalSection
	GlobalSection(SolutionProperties) = preSolution
		HideSolutionNode = FALSE
	EndGlobalSection
	GlobalSection(ExtensibilityGlobals) = postSolution
		SolutionGuid = {04EF9019-4E01-44EE-A273-49E16C04D607}
	EndGlobalSection
EndGlobal
