
Microsoft Visual Studio Solution File, Format Version 12.00
# Visual Studio Version 16
VisualStudioVersion = 16.0.29519.87
MinimumVisualStudioVersion = 10.0.40219.1
Project("{FAE04EC0-301F-11D3-BF4B-00C04F79EFBC}") = "n_4673", "n_4673\n_4673.csproj", "{E7564892-9E2F-429E-A755-6C6E52595638}"
EndProject
Global
	GlobalSection(SolutionConfigurationPlatforms) = preSolution
		Debug|Any CPU = Debug|Any CPU
		Release|Any CPU = Release|Any CPU
	EndGlobalSection
	GlobalSection(ProjectConfigurationPlatforms) = postSolution
		{E7564892-9E2F-429E-A755-6C6E52595638}.Debug|Any CPU.ActiveCfg = Debug|Any CPU
		{E7564892-9E2F-429E-A755-6C6E52595638}.Debug|Any CPU.Build.0 = Debug|Any CPU
		{E7564892-9E2F-429E-A755-6C6E52595638}.Release|Any CPU.ActiveCfg = Release|Any CPU
		{E7564892-9E2F-429E-A755-6C6E52595638}.Release|Any CPU.Build.0 = Release|Any CPU
	EndGlobalSection
	GlobalSection(SolutionProperties) = preSolution
		HideSolutionNode = FALSE
	EndGlobalSection
	GlobalSection(ExtensibilityGlobals) = postSolution
		SolutionGuid = {EC76997F-576A-45E7-BDD6-A492B4E7A6F2}
	EndGlobalSection
EndGlobal
