
Microsoft Visual Studio Solution File, Format Version 12.00
# Visual Studio Version 16
VisualStudioVersion = 16.0.29519.87
MinimumVisualStudioVersion = 10.0.40219.1
Project("{FAE04EC0-301F-11D3-BF4B-00C04F79EFBC}") = "n_2941", "n_2941\n_2941.csproj", "{6893C72A-A294-413B-BFA4-F7D295ED274B}"
EndProject
Global
	GlobalSection(SolutionConfigurationPlatforms) = preSolution
		Debug|Any CPU = Debug|Any CPU
		Release|Any CPU = Release|Any CPU
	EndGlobalSection
	GlobalSection(ProjectConfigurationPlatforms) = postSolution
		{6893C72A-A294-413B-BFA4-F7D295ED274B}.Debug|Any CPU.ActiveCfg = Debug|Any CPU
		{6893C72A-A294-413B-BFA4-F7D295ED274B}.Debug|Any CPU.Build.0 = Debug|Any CPU
		{6893C72A-A294-413B-BFA4-F7D295ED274B}.Release|Any CPU.ActiveCfg = Release|Any CPU
		{6893C72A-A294-413B-BFA4-F7D295ED274B}.Release|Any CPU.Build.0 = Release|Any CPU
	EndGlobalSection
	GlobalSection(SolutionProperties) = preSolution
		HideSolutionNode = FALSE
	EndGlobalSection
	GlobalSection(ExtensibilityGlobals) = postSolution
		SolutionGuid = {38506FF6-5943-4608-934D-296B93B4DDC7}
	EndGlobalSection
EndGlobal
