
Microsoft Visual Studio Solution File, Format Version 12.00
# Visual Studio Version 16
VisualStudioVersion = 16.0.29519.87
MinimumVisualStudioVersion = 10.0.40219.1
Project("{FAE04EC0-301F-11D3-BF4B-00C04F79EFBC}") = "n_5622", "n_5622\n_5622.csproj", "{236EC1F7-0617-4A68-BAB5-F335E3CA418D}"
EndProject
Global
	GlobalSection(SolutionConfigurationPlatforms) = preSolution
		Debug|Any CPU = Debug|Any CPU
		Release|Any CPU = Release|Any CPU
	EndGlobalSection
	GlobalSection(ProjectConfigurationPlatforms) = postSolution
		{236EC1F7-0617-4A68-BAB5-F335E3CA418D}.Debug|Any CPU.ActiveCfg = Debug|Any CPU
		{236EC1F7-0617-4A68-BAB5-F335E3CA418D}.Debug|Any CPU.Build.0 = Debug|Any CPU
		{236EC1F7-0617-4A68-BAB5-F335E3CA418D}.Release|Any CPU.ActiveCfg = Release|Any CPU
		{236EC1F7-0617-4A68-BAB5-F335E3CA418D}.Release|Any CPU.Build.0 = Release|Any CPU
	EndGlobalSection
	GlobalSection(SolutionProperties) = preSolution
		HideSolutionNode = FALSE
	EndGlobalSection
	GlobalSection(ExtensibilityGlobals) = postSolution
		SolutionGuid = {5D0FB468-6F06-4306-BCBD-FD33D9220806}
	EndGlobalSection
EndGlobal
