
Microsoft Visual Studio Solution File, Format Version 12.00
# Visual Studio Version 16
VisualStudioVersion = 16.0.29519.87
MinimumVisualStudioVersion = 10.0.40219.1
Project("{FAE04EC0-301F-11D3-BF4B-00C04F79EFBC}") = "n_10998", "n_10998\n_10998.csproj", "{1C1AFC15-912C-429D-995C-5792B33A5B50}"
EndProject
Global
	GlobalSection(SolutionConfigurationPlatforms) = preSolution
		Debug|Any CPU = Debug|Any CPU
		Release|Any CPU = Release|Any CPU
	EndGlobalSection
	GlobalSection(ProjectConfigurationPlatforms) = postSolution
		{1C1AFC15-912C-429D-995C-5792B33A5B50}.Debug|Any CPU.ActiveCfg = Debug|Any CPU
		{1C1AFC15-912C-429D-995C-5792B33A5B50}.Debug|Any CPU.Build.0 = Debug|Any CPU
		{1C1AFC15-912C-429D-995C-5792B33A5B50}.Release|Any CPU.ActiveCfg = Release|Any CPU
		{1C1AFC15-912C-429D-995C-5792B33A5B50}.Release|Any CPU.Build.0 = Release|Any CPU
	EndGlobalSection
	GlobalSection(SolutionProperties) = preSolution
		HideSolutionNode = FALSE
	EndGlobalSection
	GlobalSection(ExtensibilityGlobals) = postSolution
		SolutionGuid = {FCEA31D6-36E9-4BC2-B8D8-50D09FD54480}
	EndGlobalSection
EndGlobal
