
Microsoft Visual Studio Solution File, Format Version 12.00
# Visual Studio Version 16
VisualStudioVersion = 16.0.29519.87
MinimumVisualStudioVersion = 10.0.40219.1
Project("{FAE04EC0-301F-11D3-BF4B-00C04F79EFBC}") = "n_3052", "n_3052\n_3052.csproj", "{EA2C954F-29A9-4961-B599-D819535E84DF}"
EndProject
Global
	GlobalSection(SolutionConfigurationPlatforms) = preSolution
		Debug|Any CPU = Debug|Any CPU
		Release|Any CPU = Release|Any CPU
	EndGlobalSection
	GlobalSection(ProjectConfigurationPlatforms) = postSolution
		{EA2C954F-29A9-4961-B599-D819535E84DF}.Debug|Any CPU.ActiveCfg = Debug|Any CPU
		{EA2C954F-29A9-4961-B599-D819535E84DF}.Debug|Any CPU.Build.0 = Debug|Any CPU
		{EA2C954F-29A9-4961-B599-D819535E84DF}.Release|Any CPU.ActiveCfg = Release|Any CPU
		{EA2C954F-29A9-4961-B599-D819535E84DF}.Release|Any CPU.Build.0 = Release|Any CPU
	EndGlobalSection
	GlobalSection(SolutionProperties) = preSolution
		HideSolutionNode = FALSE
	EndGlobalSection
	GlobalSection(ExtensibilityGlobals) = postSolution
		SolutionGuid = {D85DA1A2-9944-4F88-B9E3-CF600697F17A}
	EndGlobalSection
EndGlobal
