
Microsoft Visual Studio Solution File, Format Version 12.00
# Visual Studio Version 16
VisualStudioVersion = 16.0.30002.166
MinimumVisualStudioVersion = 10.0.40219.1
Project("{8BC9CEB8-8B4A-11D0-8D11-00A0C91BC942}") = "BOJ15650", "BOJ15650\BOJ15650.vcxproj", "{DDBCE66A-86A5-41E2-A2BA-800905E6BD8D}"
EndProject
Project("{8BC9CEB8-8B4A-11D0-8D11-00A0C91BC942}") = "BOJ15651", "BOJ15651\BOJ15651.vcxproj", "{81F3D0B0-EC2E-451B-BFFC-69C97A284C79}"
EndProject
Project("{8BC9CEB8-8B4A-11D0-8D11-00A0C91BC942}") = "BOJ15652", "BOJ15652\BOJ15652.vcxproj", "{91213E09-9A77-49FA-B847-EDD4BBC96478}"
EndProject
Project("{8BC9CEB8-8B4A-11D0-8D11-00A0C91BC942}") = "BOJ15654", "BOJ15654\BOJ15654.vcxproj", "{5671D625-F351-4906-9469-108D80AA5EDE}"
EndProject
Project("{8BC9CEB8-8B4A-11D0-8D11-00A0C91BC942}") = "BOJ15655", "BOJ15655\BOJ15655.vcxproj", "{7EE71DA7-C5B1-45F8-8BE3-C1048F39D000}"
EndProject
Project("{8BC9CEB8-8B4A-11D0-8D11-00A0C91BC942}") = "BOJ15656", "BOJ15656\BOJ15656.vcxproj", "{477B7E09-40CF-45C5-AF29-88E9A45E7554}"
EndProject
Project("{8BC9CEB8-8B4A-11D0-8D11-00A0C91BC942}") = "BOJ15663", "BOJ15663\BOJ15663.vcxproj", "{33D7960C-F026-4506-A40E-A14DBDA09D76}"
EndProject
Project("{8BC9CEB8-8B4A-11D0-8D11-00A0C91BC942}") = "BOJ15664", "BOJ15644\BOJ15644.vcxproj", "{7C71FB81-8F5D-4A3F-9158-0854A32B403F}"
EndProject
Global
	GlobalSection(SolutionConfigurationPlatforms) = preSolution
		Debug|x64 = Debug|x64
		Debug|x86 = Debug|x86
		Release|x64 = Release|x64
		Release|x86 = Release|x86
	EndGlobalSection
	GlobalSection(ProjectConfigurationPlatforms) = postSolution
		{DDBCE66A-86A5-41E2-A2BA-800905E6BD8D}.Debug|x64.ActiveCfg = Debug|x64
		{DDBCE66A-86A5-41E2-A2BA-800905E6BD8D}.Debug|x64.Build.0 = Debug|x64
		{DDBCE66A-86A5-41E2-A2BA-800905E6BD8D}.Debug|x86.ActiveCfg = Debug|Win32
		{DDBCE66A-86A5-41E2-A2BA-800905E6BD8D}.Debug|x86.Build.0 = Debug|Win32
		{DDBCE66A-86A5-41E2-A2BA-800905E6BD8D}.Release|x64.ActiveCfg = Release|x64
		{DDBCE66A-86A5-41E2-A2BA-800905E6BD8D}.Release|x64.Build.0 = Release|x64
		{DDBCE66A-86A5-41E2-A2BA-800905E6BD8D}.Release|x86.ActiveCfg = Release|Win32
		{DDBCE66A-86A5-41E2-A2BA-800905E6BD8D}.Release|x86.Build.0 = Release|Win32
		{81F3D0B0-EC2E-451B-BFFC-69C97A284C79}.Debug|x64.ActiveCfg = Debug|x64
		{81F3D0B0-EC2E-451B-BFFC-69C97A284C79}.Debug|x64.Build.0 = Debug|x64
		{81F3D0B0-EC2E-451B-BFFC-69C97A284C79}.Debug|x86.ActiveCfg = Debug|Win32
		{81F3D0B0-EC2E-451B-BFFC-69C97A284C79}.Debug|x86.Build.0 = Debug|Win32
		{81F3D0B0-EC2E-451B-BFFC-69C97A284C79}.Release|x64.ActiveCfg = Release|x64
		{81F3D0B0-EC2E-451B-BFFC-69C97A284C79}.Release|x64.Build.0 = Release|x64
		{81F3D0B0-EC2E-451B-BFFC-69C97A284C79}.Release|x86.ActiveCfg = Release|Win32
		{81F3D0B0-EC2E-451B-BFFC-69C97A284C79}.Release|x86.Build.0 = Release|Win32
		{91213E09-9A77-49FA-B847-EDD4BBC96478}.Debug|x64.ActiveCfg = Debug|x64
		{91213E09-9A77-49FA-B847-EDD4BBC96478}.Debug|x64.Build.0 = Debug|x64
		{91213E09-9A77-49FA-B847-EDD4BBC96478}.Debug|x86.ActiveCfg = Debug|Win32
		{91213E09-9A77-49FA-B847-EDD4BBC96478}.Debug|x86.Build.0 = Debug|Win32
		{91213E09-9A77-49FA-B847-EDD4BBC96478}.Release|x64.ActiveCfg = Release|x64
		{91213E09-9A77-49FA-B847-EDD4BBC96478}.Release|x64.Build.0 = Release|x64
		{91213E09-9A77-49FA-B847-EDD4BBC96478}.Release|x86.ActiveCfg = Release|Win32
		{91213E09-9A77-49FA-B847-EDD4BBC96478}.Release|x86.Build.0 = Release|Win32
		{5671D625-F351-4906-9469-108D80AA5EDE}.Debug|x64.ActiveCfg = Debug|x64
		{5671D625-F351-4906-9469-108D80AA5EDE}.Debug|x64.Build.0 = Debug|x64
		{5671D625-F351-4906-9469-108D80AA5EDE}.Debug|x86.ActiveCfg = Debug|Win32
		{5671D625-F351-4906-9469-108D80AA5EDE}.Debug|x86.Build.0 = Debug|Win32
		{5671D625-F351-4906-9469-108D80AA5EDE}.Release|x64.ActiveCfg = Release|x64
		{5671D625-F351-4906-9469-108D80AA5EDE}.Release|x64.Build.0 = Release|x64
		{5671D625-F351-4906-9469-108D80AA5EDE}.Release|x86.ActiveCfg = Release|Win32
		{5671D625-F351-4906-9469-108D80AA5EDE}.Release|x86.Build.0 = Release|Win32
		{7EE71DA7-C5B1-45F8-8BE3-C1048F39D000}.Debug|x64.ActiveCfg = Debug|x64
		{7EE71DA7-C5B1-45F8-8BE3-C1048F39D000}.Debug|x64.Build.0 = Debug|x64
		{7EE71DA7-C5B1-45F8-8BE3-C1048F39D000}.Debug|x86.ActiveCfg = Debug|Win32
		{7EE71DA7-C5B1-45F8-8BE3-C1048F39D000}.Debug|x86.Build.0 = Debug|Win32
		{7EE71DA7-C5B1-45F8-8BE3-C1048F39D000}.Release|x64.ActiveCfg = Release|x64
		{7EE71DA7-C5B1-45F8-8BE3-C1048F39D000}.Release|x64.Build.0 = Release|x64
		{7EE71DA7-C5B1-45F8-8BE3-C1048F39D000}.Release|x86.ActiveCfg = Release|Win32
		{7EE71DA7-C5B1-45F8-8BE3-C1048F39D000}.Release|x86.Build.0 = Release|Win32
		{477B7E09-40CF-45C5-AF29-88E9A45E7554}.Debug|x64.ActiveCfg = Debug|x64
		{477B7E09-40CF-45C5-AF29-88E9A45E7554}.Debug|x64.Build.0 = Debug|x64
		{477B7E09-40CF-45C5-AF29-88E9A45E7554}.Debug|x86.ActiveCfg = Debug|Win32
		{477B7E09-40CF-45C5-AF29-88E9A45E7554}.Debug|x86.Build.0 = Debug|Win32
		{477B7E09-40CF-45C5-AF29-88E9A45E7554}.Release|x64.ActiveCfg = Release|x64
		{477B7E09-40CF-45C5-AF29-88E9A45E7554}.Release|x64.Build.0 = Release|x64
		{477B7E09-40CF-45C5-AF29-88E9A45E7554}.Release|x86.ActiveCfg = Release|Win32
		{477B7E09-40CF-45C5-AF29-88E9A45E7554}.Release|x86.Build.0 = Release|Win32
		{33D7960C-F026-4506-A40E-A14DBDA09D76}.Debug|x64.ActiveCfg = Debug|x64
		{33D7960C-F026-4506-A40E-A14DBDA09D76}.Debug|x64.Build.0 = Debug|x64
		{33D7960C-F026-4506-A40E-A14DBDA09D76}.Debug|x86.ActiveCfg = Debug|Win32
		{33D7960C-F026-4506-A40E-A14DBDA09D76}.Debug|x86.Build.0 = Debug|Win32
		{33D7960C-F026-4506-A40E-A14DBDA09D76}.Release|x64.ActiveCfg = Release|x64
		{33D7960C-F026-4506-A40E-A14DBDA09D76}.Release|x64.Build.0 = Release|x64
		{33D7960C-F026-4506-A40E-A14DBDA09D76}.Release|x86.ActiveCfg = Release|Win32
		{33D7960C-F026-4506-A40E-A14DBDA09D76}.Release|x86.Build.0 = Release|Win32
		{7C71FB81-8F5D-4A3F-9158-0854A32B403F}.Debug|x64.ActiveCfg = Debug|x64
		{7C71FB81-8F5D-4A3F-9158-0854A32B403F}.Debug|x64.Build.0 = Debug|x64
		{7C71FB81-8F5D-4A3F-9158-0854A32B403F}.Debug|x86.ActiveCfg = Debug|Win32
		{7C71FB81-8F5D-4A3F-9158-0854A32B403F}.Debug|x86.Build.0 = Debug|Win32
		{7C71FB81-8F5D-4A3F-9158-0854A32B403F}.Release|x64.ActiveCfg = Release|x64
		{7C71FB81-8F5D-4A3F-9158-0854A32B403F}.Release|x64.Build.0 = Release|x64
		{7C71FB81-8F5D-4A3F-9158-0854A32B403F}.Release|x86.ActiveCfg = Release|Win32
		{7C71FB81-8F5D-4A3F-9158-0854A32B403F}.Release|x86.Build.0 = Release|Win32
	EndGlobalSection
	GlobalSection(SolutionProperties) = preSolution
		HideSolutionNode = FALSE
	EndGlobalSection
	GlobalSection(ExtensibilityGlobals) = postSolution
		SolutionGuid = {86638BC7-CECD-4615-8F6E-FD44AEBC5D27}
	EndGlobalSection
EndGlobal
