
Microsoft Visual Studio Solution File, Format Version 12.00
# Visual Studio Version 16
VisualStudioVersion = 16.0.29519.87
MinimumVisualStudioVersion = 10.0.40219.1
Project("{FAE04EC0-301F-11D3-BF4B-00C04F79EFBC}") = "n_11720", "n_11720\n_11720.csproj", "{DFDE3CD4-2D89-497A-817C-67222172CD7D}"
EndProject
Global
	GlobalSection(SolutionConfigurationPlatforms) = preSolution
		Debug|Any CPU = Debug|Any CPU
		Release|Any CPU = Release|Any CPU
	EndGlobalSection
	GlobalSection(ProjectConfigurationPlatforms) = postSolution
		{DFDE3CD4-2D89-497A-817C-67222172CD7D}.Debug|Any CPU.ActiveCfg = Debug|Any CPU
		{DFDE3CD4-2D89-497A-817C-67222172CD7D}.Debug|Any CPU.Build.0 = Debug|Any CPU
		{DFDE3CD4-2D89-497A-817C-67222172CD7D}.Release|Any CPU.ActiveCfg = Release|Any CPU
		{DFDE3CD4-2D89-497A-817C-67222172CD7D}.Release|Any CPU.Build.0 = Release|Any CPU
	EndGlobalSection
	GlobalSection(SolutionProperties) = preSolution
		HideSolutionNode = FALSE
	EndGlobalSection
	GlobalSection(ExtensibilityGlobals) = postSolution
		SolutionGuid = {B369F70C-F026-4F2F-9B73-89E7FC0E270D}
	EndGlobalSection
EndGlobal
