
Microsoft Visual Studio Solution File, Format Version 12.00
# Visual Studio Version 16
VisualStudioVersion = 16.0.29519.87
MinimumVisualStudioVersion = 10.0.40219.1
Project("{FAE04EC0-301F-11D3-BF4B-00C04F79EFBC}") = "n_10430", "n_10430\n_10430.csproj", "{30326438-A6B9-4B4A-9AFC-E49B93B099B3}"
EndProject
Global
	GlobalSection(SolutionConfigurationPlatforms) = preSolution
		Debug|Any CPU = Debug|Any CPU
		Release|Any CPU = Release|Any CPU
	EndGlobalSection
	GlobalSection(ProjectConfigurationPlatforms) = postSolution
		{30326438-A6B9-4B4A-9AFC-E49B93B099B3}.Debug|Any CPU.ActiveCfg = Debug|Any CPU
		{30326438-A6B9-4B4A-9AFC-E49B93B099B3}.Debug|Any CPU.Build.0 = Debug|Any CPU
		{30326438-A6B9-4B4A-9AFC-E49B93B099B3}.Release|Any CPU.ActiveCfg = Release|Any CPU
		{30326438-A6B9-4B4A-9AFC-E49B93B099B3}.Release|Any CPU.Build.0 = Release|Any CPU
	EndGlobalSection
	GlobalSection(SolutionProperties) = preSolution
		HideSolutionNode = FALSE
	EndGlobalSection
	GlobalSection(ExtensibilityGlobals) = postSolution
		SolutionGuid = {2B9DE0F7-53D3-4DE1-8987-3A67AEEF92BE}
	EndGlobalSection
EndGlobal
