
Microsoft Visual Studio Solution File, Format Version 12.00
# Visual Studio Version 16
VisualStudioVersion = 16.0.29519.87
MinimumVisualStudioVersion = 10.0.40219.1
Project("{FAE04EC0-301F-11D3-BF4B-00C04F79EFBC}") = "n_2577", "n_2577\n_2577.csproj", "{ADE1D28C-3533-4524-9D8C-14CC0695F671}"
EndProject
Global
	GlobalSection(SolutionConfigurationPlatforms) = preSolution
		Debug|Any CPU = Debug|Any CPU
		Release|Any CPU = Release|Any CPU
	EndGlobalSection
	GlobalSection(ProjectConfigurationPlatforms) = postSolution
		{ADE1D28C-3533-4524-9D8C-14CC0695F671}.Debug|Any CPU.ActiveCfg = Debug|Any CPU
		{ADE1D28C-3533-4524-9D8C-14CC0695F671}.Debug|Any CPU.Build.0 = Debug|Any CPU
		{ADE1D28C-3533-4524-9D8C-14CC0695F671}.Release|Any CPU.ActiveCfg = Release|Any CPU
		{ADE1D28C-3533-4524-9D8C-14CC0695F671}.Release|Any CPU.Build.0 = Release|Any CPU
	EndGlobalSection
	GlobalSection(SolutionProperties) = preSolution
		HideSolutionNode = FALSE
	EndGlobalSection
	GlobalSection(ExtensibilityGlobals) = postSolution
		SolutionGuid = {951B3A72-9640-458D-BC10-7E702987C084}
	EndGlobalSection
EndGlobal
