
Microsoft Visual Studio Solution File, Format Version 12.00
# Visual Studio Version 16
VisualStudioVersion = 16.0.29519.87
MinimumVisualStudioVersion = 10.0.40219.1
Project("{FAE04EC0-301F-11D3-BF4B-00C04F79EFBC}") = "n_2675", "n_2675\n_2675.csproj", "{9191EAE9-864E-42AD-B46A-C6E82D3C2C82}"
EndProject
Global
	GlobalSection(SolutionConfigurationPlatforms) = preSolution
		Debug|Any CPU = Debug|Any CPU
		Release|Any CPU = Release|Any CPU
	EndGlobalSection
	GlobalSection(ProjectConfigurationPlatforms) = postSolution
		{9191EAE9-864E-42AD-B46A-C6E82D3C2C82}.Debug|Any CPU.ActiveCfg = Debug|Any CPU
		{9191EAE9-864E-42AD-B46A-C6E82D3C2C82}.Debug|Any CPU.Build.0 = Debug|Any CPU
		{9191EAE9-864E-42AD-B46A-C6E82D3C2C82}.Release|Any CPU.ActiveCfg = Release|Any CPU
		{9191EAE9-864E-42AD-B46A-C6E82D3C2C82}.Release|Any CPU.Build.0 = Release|Any CPU
	EndGlobalSection
	GlobalSection(SolutionProperties) = preSolution
		HideSolutionNode = FALSE
	EndGlobalSection
	GlobalSection(ExtensibilityGlobals) = postSolution
		SolutionGuid = {A1D8699B-863D-4911-A796-3C59DCFC4B33}
	EndGlobalSection
EndGlobal
